{
  "name": "react-redact",
  "version": "0.1.0",
  "lockfileVersion": 1,
  "requires": true,
  "dependencies": {
    "lodash": {
      "version": "4.17.15",
      "resolved": "https://registry.npmjs.org/lodash/-/lodash-4.17.15.tgz",
      "integrity": "sha512-8xOcRHvCjnocdS5cpwXQXVzmmh5e5+saE2QGoeQmbKmRS6J3VQppPOIt0MnmE+4xlZoumy0GPG0D0MVIQbNA1A=="
    },
    "redux-updeep": {
      "version": "0.1.1",
      "resolved": "https://registry.npmjs.org/redux-updeep/-/redux-updeep-0.1.1.tgz",
      "integrity": "sha1-7K+eUsn7gBBfx40LuKVGaS++XxQ=",
      "requires": {
        "lodash": "^4.13.1",
        "updeep": "^0.16.1"
      },
      "dependencies": {
        "updeep": {
          "version": "0.16.1",
          "resolved": "https://registry.npmjs.org/updeep/-/updeep-0.16.1.tgz",
          "integrity": "sha1-i/w0y8L3uPPcAWYFLA6Lt3Fsxsg=",
          "requires": {
            "lodash": "^4.2.0"
          }
        }
      }
    },
    "updeep": {
      "version": "1.2.0",
      "resolved": "https://registry.npmjs.org/updeep/-/updeep-1.2.0.tgz",
      "integrity": "sha512-owlsquQGpkWzO4iufqQzQ5+6bALps3VmI5Jlg4penc8DRU61TnUCdecwpkQ+UtHUov3g6SX43zlEWIArEChKWw==",
      "requires": {
        "lodash": "^4.2.0"
      }
    }
  }
}
